# THIS IS AN AUTOGENERATED FILE. DO NOT EDIT THIS FILE DIRECTLY.
# yarn lockfile v1


"@progfay/scrapbox-parser@^7.1.0":
  version "7.1.0"
  resolved "https://registry.yarnpkg.com/@progfay/scrapbox-parser/-/scrapbox-parser-7.1.0.tgz#835a1e1939fd30ca500f5da03b1b2bf5ec407240"
  integrity sha512-jZXEOGf9KZien4YAec9WG58Vy/6XA6ARac4NSGX2Msd1M3nSChnDgZL4ny0oNZvV1LDqPCdDYcTt5AfZEk+xmQ==

"@types/node@^16.10.3":
  version "16.10.3"
  resolved "https://registry.yarnpkg.com/@types/node/-/node-16.10.3.tgz#7a8f2838603ea314d1d22bb3171d899e15c57bd5"
  integrity sha512-ho3Ruq+fFnBrZhUYI46n/bV2GjwzSkwuT4dTf0GkuNFmnb8nq4ny2z9JEVemFi6bdEJanHLlYfy9c6FN9B9McQ==

prettier@^2.4.1:
  version "2.4.1"
  resolved "https://registry.yarnpkg.com/prettier/-/prettier-2.4.1.tgz#671e11c89c14a4cfc876ce564106c4a6726c9f5c"
  integrity sha512-9fbDAXSBcc6Bs1mZrDYb3XKzDLm4EXXL9sC1LqKP5rZkT6KRr/rf9amVUcODVXgguK/isJz0d0hP72WeaKWsvA==

topological-sort@^0.3.0:
  version "0.3.0"
  resolved "https://registry.yarnpkg.com/topological-sort/-/topological-sort-0.3.0.tgz#3ca539982c71a13f0a7b3be2ad4ae4dd437a1e3b"
  integrity sha512-BmO2t72jjJ3B9PZC3LTHyojgNynOKEvWG4GiYqyfSMUjtO6+yZK0oozlMYVA+tC6YvS3NZh4OPx6QaolEYOg6A==
